// !$*UTF8*$!
{
	archiveVersion = 1;
	classes = {
	};
	objectVersion = 46;
	objects = {

/* Begin PBXBuildFile section */
		AD867CDB1D51EFE600284943 /* main.m in Sources */ = {isa = PBXBuildFile; fileRef = AD867CDA1D51EFE600284943 /* main.m */; };
		AD867CDE1D51EFE600284943 /* AppDelegate.m in Sources */ = {isa = PBXBuildFile; fileRef = AD867CDD1D51EFE600284943 /* AppDelegate.m */; };
		AD867CE11D51EFE600284943 /* ViewController.m in Sources */ = {isa = PBXBuildFile; fileRef = AD867CE01D51EFE600284943 /* ViewController.m */; };
		AD867CE41D51EFE600284943 /* Main.storyboard in Resources */ = {isa = PBXBuildFile; fileRef = AD867CE21D51EFE600284943 /* Main.storyboard */; };
		AD867CE61D51EFE600284943 /* Assets.xcassets in Resources */ = {isa = PBXBuildFile; fileRef = AD867CE51D51EFE600284943 /* Assets.xcassets */; };
		AD867CE91D51EFE600284943 /* LaunchScreen.storyboard in Resources */ = {isa = PBXBuildFile; fileRef = AD867CE71D51EFE600284943 /* LaunchScreen.storyboard */; };
		AD867CF41D51EFE600284943 /* DYLYNetworkKitTests.m in Sources */ = {isa = PBXBuildFile; fileRef = AD867CF31D51EFE600284943 /* DYLYNetworkKitTests.m */; };
		AD867CFF1D51EFE600284943 /* DYLYNetworkKitUITests.m in Sources */ = {isa = PBXBuildFile; fileRef = AD867CFE1D51EFE600284943 /* DYLYNetworkKitUITests.m */; };
/* End PBXBuildFile section */

/* Begin PBXContainerItemProxy section */
		AD867CF01D51EFE600284943 /* PBXContainerItemProxy */ = {
			isa = PBXContainerItemProxy;
			containerPortal = AD867CCE1D51EFE600284943 /* Project object */;
			proxyType = 1;
			remoteGlobalIDString = AD867CD51D51EFE600284943;
			remoteInfo = DYLYNetworkKit;
		};
		AD867CFB1D51EFE600284943 /* PBXContainerItemProxy */ = {
			isa = PBXContainerItemProxy;
			containerPortal = AD867CCE1D51EFE600284943 /* Project object */;
			proxyType = 1;
			remoteGlobalIDString = AD867CD51D51EFE600284943;
			remoteInfo = DYLYNetworkKit;
		};
/* End PBXContainerItemProxy section */

/* Begin PBXFileReference section */
		AD867CD61D51EFE600284943 /* DYLYNetworkKit.app */ = {isa = PBXFileReference; explicitFileType = wrapper.application; includeInIndex = 0; path = DYLYNetworkKit.app; sourceTree = BUILT_PRODUCTS_DIR; };
		AD867CDA1D51EFE600284943 /* main.m */ = {isa = PBXFileReference; lastKnownFileType = sourcecode.c.objc; path = main.m; sourceTree = "<group>"; };
		AD867CDC1D51EFE600284943 /* AppDelegate.h */ = {isa = PBXFileReference; lastKnownFileType = sourcecode.c.h; path = AppDelegate.h; sourceTree = "<group>"; };
		AD867CDD1D51EFE600284943 /* AppDelegate.m */ = {isa = PBXFileReference; lastKnownFileType = sourcecode.c.objc; path = AppDelegate.m; sourceTree = "<group>"; };
		AD867CDF1D51EFE600284943 /* ViewController.h */ = {isa = PBXFileReference; lastKnownFileType = sourcecode.c.h; path = ViewController.h; sourceTree = "<group>"; };
		AD867CE01D51EFE600284943 /* ViewController.m */ = {isa = PBXFileReference; lastKnownFileType = sourcecode.c.objc; path = ViewController.m; sourceTree = "<group>"; };
		AD867CE31D51EFE600284943 /* Base */ = {isa = PBXFileReference; lastKnownFileType = file.storyboard; name = Base; path = Base.lproj/Main.storyboard; sourceTree = "<group>"; };
		AD867CE51D51EFE600284943 /* Assets.xcassets */ = {isa = PBXFileReference; lastKnownFileType = folder.assetcatalog; path = Assets.xcassets; sourceTree = "<group>"; };
		AD867CE81D51EFE600284943 /* Base */ = {isa = PBXFileReference; lastKnownFileType = file.storyboard; name = Base; path = Base.lproj/LaunchScreen.storyboard; sourceTree = "<group>"; };
		AD867CEA1D51EFE600284943 /* Info.plist */ = {isa = PBXFileReference; lastKnownFileType = text.plist.xml; path = Info.plist; sourceTree = "<group>"; };
		AD867CEF1D51EFE600284943 /* DYLYNetworkKitTests.xctest */ = {isa = PBXFileReference; explicitFileType = wrapper.cfbundle; includeInIndex = 0; path = DYLYNetworkKitTests.xctest; sourceTree = BUILT_PRODUCTS_DIR; };
		AD867CF31D51EFE600284943 /* DYLYNetworkKitTests.m */ = {isa = PBXFileReference; lastKnownFileType = sourcecode.c.objc; path = DYLYNetworkKitTests.m; sourceTree = "<group>"; };
		AD867CF51D51EFE600284943 /* Info.plist */ = {isa = PBXFileReference; lastKnownFileType = text.plist.xml; path = Info.plist; sourceTree = "<group>"; };
		AD867CFA1D51EFE600284943 /* DYLYNetworkKitUITests.xctest */ = {isa = PBXFileReference; explicitFileType = wrapper.cfbundle; includeInIndex = 0; path = DYLYNetworkKitUITests.xctest; sourceTree = BUILT_PRODUCTS_DIR; };
		AD867CFE1D51EFE600284943 /* DYLYNetworkKitUITests.m */ = {isa = PBXFileReference; lastKnownFileType = sourcecode.c.objc; path = DYLYNetworkKitUITests.m; sourceTree = "<group>"; };
		AD867D001D51EFE600284943 /* Info.plist */ = {isa = PBXFileReference; lastKnownFileType = text.plist.xml; path = Info.plist; sourceTree = "<group>"; };
/* End PBXFileReference section */

/* Begin PBXFrameworksBuildPhase section */
		AD867CD31D51EFE600284943 /* Frameworks */ = {
			isa = PBXFrameworksBuildPhase;
			buildActionMask = 2147483647;
			files = (
			);
			runOnlyForDeploymentPostprocessing = 0;
		};
		AD867CEC1D51EFE600284943 /* Frameworks */ = {
			isa = PBXFrameworksBuildPhase;
			buildActionMask = 2147483647;
			files = (
			);
			runOnlyForDeploymentPostprocessing = 0;
		};
		AD867CF71D51EFE600284943 /* Frameworks */ = {
			isa = PBXFrameworksBuildPhase;
			buildActionMask = 2147483647;
			files = (
			);
			runOnlyForDeploymentPostprocessing = 0;
		};
/* End PBXFrameworksBuildPhase section */

/* Begin PBXGroup section */
		AD867CCD1D51EFE600284943 = {
			isa = PBXGroup;
			children = (
				AD867CD81D51EFE600284943 /* DYLYNetworkKit */,
				AD867CF21D51EFE600284943 /* DYLYNetworkKitTests */,
				AD867CFD1D51EFE600284943 /* DYLYNetworkKitUITests */,
				AD867CD71D51EFE600284943 /* Products */,
			);
			sourceTree = "<group>";
		};
		AD867CD71D51EFE600284943 /* Products */ = {
			isa = PBXGroup;
			children = (
				AD867CD61D51EFE600284943 /* DYLYNetworkKit.app */,
				AD867CEF1D51EFE600284943 /* DYLYNetworkKitTests.xctest */,
				AD867CFA1D51EFE600284943 /* DYLYNetworkKitUITests.xctest */,
			);
			name = Products;
			sourceTree = "<group>";
		};
		AD867CD81D51EFE600284943 /* DYLYNetworkKit */ = {
			isa = PBXGroup;
			children = (
				AD867CDC1D51EFE600284943 /* AppDelegate.h */,
				AD867CDD1D51EFE600284943 /* AppDelegate.m */,
				AD867CDF1D51EFE600284943 /* ViewController.h */,
				AD867CE01D51EFE600284943 /* ViewController.m */,
				AD867CE21D51EFE600284943 /* Main.storyboard */,
				AD867CE51D51EFE600284943 /* Assets.xcassets */,
				AD867CE71D51EFE600284943 /* LaunchScreen.storyboard */,
				AD867CEA1D51EFE600284943 /* Info.plist */,
				AD867CD91D51EFE600284943 /* Supporting Files */,
			);
			path = DYLYNetworkKit;
			sourceTree = "<group>";
		};
		AD867CD91D51EFE600284943 /* Supporting Files */ = {
			isa = PBXGroup;
			children = (
				AD867CDA1D51EFE600284943 /* main.m */,
			);
			name = "Supporting Files";
			sourceTree = "<group>";
		};
		AD867CF21D51EFE600284943 /* DYLYNetworkKitTests */ = {
			isa = PBXGroup;
			children = (
				AD867CF31D51EFE600284943 /* DYLYNetworkKitTests.m */,
				AD867CF51D51EFE600284943 /* Info.plist */,
			);
			path = DYLYNetworkKitTests;
			sourceTree = "<group>";
		};
		AD867CFD1D51EFE600284943 /* DYLYNetworkKitUITests */ = {
			isa = PBXGroup;
			children = (
				AD867CFE1D51EFE600284943 /* DYLYNetworkKitUITests.m */,
				AD867D001D51EFE600284943 /* Info.plist */,
			);
			path = DYLYNetworkKitUITests;
			sourceTree = "<group>";
		};
/* End PBXGroup section */

/* Begin PBXNativeTarget section */
		AD867CD51D51EFE600284943 /* DYLYNetworkKit */ = {
			isa = PBXNativeTarget;
			buildConfigurationList = AD867D031D51EFE600284943 /* Build configuration list for PBXNativeTarget "DYLYNetworkKit" */;
			buildPhases = (
				AD867CD21D51EFE600284943 /* Sources */,
				AD867CD31D51EFE600284943 /* Frameworks */,
				AD867CD41D51EFE600284943 /* Resources */,
			);
			buildRules = (
			);
			dependencies = (
			);
			name = DYLYNetworkKit;
			productName = DYLYNetworkKit;
			productReference = AD867CD61D51EFE600284943 /* DYLYNetworkKit.app */;
			productType = "com.apple.product-type.application";
		};
		AD867CEE1D51EFE600284943 /* DYLYNetworkKitTests */ = {
			isa = PBXNativeTarget;
			buildConfigurationList = AD867D061D51EFE600284943 /* Build configuration list for PBXNativeTarget "DYLYNetworkKitTests" */;
			buildPhases = (
				AD867CEB1D51EFE600284943 /* Sources */,
				AD867CEC1D51EFE600284943 /* Frameworks */,
				AD867CED1D51EFE600284943 /* Resources */,
			);
			buildRules = (
			);
			dependencies = (
				AD867CF11D51EFE600284943 /* PBXTargetDependency */,
			);
			name = DYLYNetworkKitTests;
			productName = DYLYNetworkKitTests;
			productReference = AD867CEF1D51EFE600284943 /* DYLYNetworkKitTests.xctest */;
			productType = "com.apple.product-type.bundle.unit-test";
		};
		AD867CF91D51EFE600284943 /* DYLYNetworkKitUITests */ = {
			isa = PBXNativeTarget;
			buildConfigurationList = AD867D091D51EFE600284943 /* Build configuration list for PBXNativeTarget "DYLYNetworkKitUITests" */;
			buildPhases = (
				AD867CF61D51EFE600284943 /* Sources */,
				AD867CF71D51EFE600284943 /* Frameworks */,
				AD867CF81D51EFE600284943 /* Resources */,
			);
			buildRules = (
			);
			dependencies = (
				AD867CFC1D51EFE600284943 /* PBXTargetDependency */,
			);
			name = DYLYNetworkKitUITests;
			productName = DYLYNetworkKitUITests;
			productReference = AD867CFA1D51EFE600284943 /* DYLYNetworkKitUITests.xctest */;
			productType = "com.apple.product-type.bundle.ui-testing";
		};
/* End PBXNativeTarget section */

/* Begin PBXProject section */
		AD867CCE1D51EFE600284943 /* Project object */ = {
			isa = PBXProject;
			attributes = {
				LastUpgradeCheck = 0730;
				ORGANIZATIONNAME = Yanci;
				TargetAttributes = {
					AD867CD51D51EFE600284943 = {
						CreatedOnToolsVersion = 7.3;
					};
					AD867CEE1D51EFE600284943 = {
						CreatedOnToolsVersion = 7.3;
						TestTargetID = AD867CD51D51EFE600284943;
					};
					AD867CF91D51EFE600284943 = {
						CreatedOnToolsVersion = 7.3;
						TestTargetID = AD867CD51D51EFE600284943;
					};
				};
			};
			buildConfigurationList = AD867CD11D51EFE600284943 /* Build configuration list for PBXProject "DYLYNetworkKit" */;
			compatibilityVersion = "Xcode 3.2";
			developmentRegion = English;
			hasScannedForEncodings = 0;
			knownRegions = (
				en,
				Base,
			);
			mainGroup = AD867CCD1D51EFE600284943;
			productRefGroup = AD867CD71D51EFE600284943 /* Products */;
			projectDirPath = "";
			projectRoot = "";
			targets = (
				AD867CD51D51EFE600284943 /* DYLYNetworkKit */,
				AD867CEE1D51EFE600284943 /* DYLYNetworkKitTests */,
				AD867CF91D51EFE600284943 /* DYLYNetworkKitUITests */,
			);
		};
/* End PBXProject section */

/* Begin PBXResourcesBuildPhase section */
		AD867CD41D51EFE600284943 /* Resources */ = {
			isa = PBXResourcesBuildPhase;
			buildActionMask = 2147483647;
			files = (
				AD867CE91D51EFE600284943 /* LaunchScreen.storyboard in Resources */,
				AD867CE61D51EFE600284943 /* Assets.xcassets in Resources */,
				AD867CE41D51EFE600284943 /* Main.storyboard in Resources */,
			);
			runOnlyForDeploymentPostprocessing = 0;
		};
		AD867CED1D51EFE600284943 /* Resources */ = {
			isa = PBXResourcesBuildPhase;
			buildActionMask = 2147483647;
			files = (
			);
			runOnlyForDeploymentPostprocessing = 0;
		};
		AD867CF81D51EFE600284943 /* Resources */ = {
			isa = PBXResourcesBuildPhase;
			buildActionMask = 2147483647;
			files = (
			);
			runOnlyForDeploymentPostprocessing = 0;
		};
/* End PBXResourcesBuildPhase section */

/* Begin PBXSourcesBuildPhase section */
		AD867CD21D51EFE600284943 /* Sources */ = {
			isa = PBXSourcesBuildPhase;
			buildActionMask = 2147483647;
			files = (
				AD867CE11D51EFE600284943 /* ViewController.m in Sources */,
				AD867CDE1D51EFE600284943 /* AppDelegate.m in Sources */,
				AD867CDB1D51EFE600284943 /* main.m in Sources */,
			);
			runOnlyForDeploymentPostprocessing = 0;
		};
		AD867CEB1D51EFE600284943 /* Sources */ = {
			isa = PBXSourcesBuildPhase;
			buildActionMask = 2147483647;
			files = (
				AD867CF41D51EFE600284943 /* DYLYNetworkKitTests.m in Sources */,
			);
			runOnlyForDeploymentPostprocessing = 0;
		};
		AD867CF61D51EFE600284943 /* Sources */ = {
			isa = PBXSourcesBuildPhase;
			buildActionMask = 2147483647;
			files = (
				AD867CFF1D51EFE600284943 /* DYLYNetworkKitUITests.m in Sources */,
			);
			runOnlyForDeploymentPostprocessing = 0;
		};
/* End PBXSourcesBuildPhase section */

/* Begin PBXTargetDependency section */
		AD867CF11D51EFE600284943 /* PBXTargetDependency */ = {
			isa = PBXTargetDependency;
			target = AD867CD51D51EFE600284943 /* DYLYNetworkKit */;
			targetProxy = AD867CF01D51EFE600284943 /* PBXContainerItemProxy */;
		};
		AD867CFC1D51EFE600284943 /* PBXTargetDependency */ = {
			isa = PBXTargetDependency;
			target = AD867CD51D51EFE600284943 /* DYLYNetworkKit */;
			targetProxy = AD867CFB1D51EFE600284943 /* PBXContainerItemProxy */;
		};
/* End PBXTargetDependency section */

/* Begin PBXVariantGroup section */
		AD867CE21D51EFE600284943 /* Main.storyboard */ = {
			isa = PBXVariantGroup;
			children = (
				AD867CE31D51EFE600284943 /* Base */,
			);
			name = Main.storyboard;
			sourceTree = "<group>";
		};
		AD867CE71D51EFE600284943 /* LaunchScreen.storyboard */ = {
			isa = PBXVariantGroup;
			children = (
				AD867CE81D51EFE600284943 /* Base */,
			);
			name = LaunchScreen.storyboard;
			sourceTree = "<group>";
		};
/* End PBXVariantGroup section */

/* Begin XCBuildConfiguration section */
		AD867D011D51EFE600284943 /* Debug */ = {
			isa = XCBuildConfiguration;
			buildSettings = {
				ALWAYS_SEARCH_USER_PATHS = NO;
				CLANG_ANALYZER_NONNULL = YES;
				CLANG_CXX_LANGUAGE_STANDARD = "gnu++0x";
				CLANG_CXX_LIBRARY = "libc++";
				CLANG_ENABLE_MODULES = YES;
				CLANG_ENABLE_OBJC_ARC = YES;
				CLANG_WARN_BOOL_CONVERSION = YES;
				CLANG_WARN_CONSTANT_CONVERSION = YES;
				CLANG_WARN_DIRECT_OBJC_ISA_USAGE = YES_ERROR;
				CLANG_WARN_EMPTY_BODY = YES;
				CLANG_WARN_ENUM_CONVERSION = YES;
				CLANG_WARN_INT_CONVERSION = YES;
				CLANG_WARN_OBJC_ROOT_CLASS = YES_ERROR;
				CLANG_WARN_UNREACHABLE_CODE = YES;
				CLANG_WARN__DUPLICATE_METHOD_MATCH = YES;
				"CODE_SIGN_IDENTITY[sdk=iphoneos*]" = "iPhone Developer";
				COPY_PHASE_STRIP = NO;
				DEBUG_INFORMATION_FORMAT = dwarf;
				ENABLE_STRICT_OBJC_MSGSEND = YES;
				ENABLE_TESTABILITY = YES;
				GCC_C_LANGUAGE_STANDARD = gnu99;
				GCC_DYNAMIC_NO_PIC = NO;
				GCC_NO_COMMON_BLOCKS = YES;
				GCC_OPTIMIZATION_LEVEL = 0;
				GCC_PREPROCESSOR_DEFINITIONS = (
					"DEBUG=1",
					"$(inherited)",
				);
				GCC_WARN_64_TO_32_BIT_CONVERSION = YES;
				GCC_WARN_ABOUT_RETURN_TYPE = YES_ERROR;
				GCC_WARN_UNDECLARED_SELECTOR = YES;
				GCC_WARN_UNINITIALIZED_AUTOS = YES_AGGRESSIVE;
				GCC_WARN_UNUSED_FUNCTION = YES;
				GCC_WARN_UNUSED_VARIABLE = YES;
				IPHONEOS_DEPLOYMENT_TARGET = 9.3;
				MTL_ENABLE_DEBUG_INFO = YES;
				ONLY_ACTIVE_ARCH = YES;
				SDKROOT = iphoneos;
				TARGETED_DEVICE_FAMILY = "1,2";
			};
			name = Debug;
		};
		AD867D021D51EFE600284943 /* Release */ = {
			isa = XCBuildConfiguration;
			buildSettings = {
				ALWAYS_SEARCH_USER_PATHS = NO;
				CLANG_ANALYZER_NONNULL = YES;
				CLANG_CXX_LANGUAGE_STANDARD = "gnu++0x";
				CLANG_CXX_LIBRARY = "libc++";
				CLANG_ENABLE_MODULES = YES;
				CLANG_ENABLE_OBJC_ARC = YES;
				CLANG_WARN_BOOL_CONVERSION = YES;
				CLANG_WARN_CONSTANT_CONVERSION = YES;
				CLANG_WARN_DIRECT_OBJC_ISA_USAGE = YES_ERROR;
				CLANG_WARN_EMPTY_BODY = YES;
				CLANG_WARN_ENUM_CONVERSION = YES;
				CLANG_WARN_INT_CONVERSION = YES;
				CLANG_WARN_OBJC_ROOT_CLASS = YES_ERROR;
				CLANG_WARN_UNREACHABLE_CODE = YES;
				CLANG_WARN__DUPLICATE_METHOD_MATCH = YES;
				"CODE_SIGN_IDENTITY[sdk=iphoneos*]" = "iPhone Developer";
				COPY_PHASE_STRIP = NO;
				DEBUG_INFORMATION_FORMAT = "dwarf-with-dsym";
				ENABLE_NS_ASSERTIONS = NO;
				ENABLE_STRICT_OBJC_MSGSEND = YES;
				GCC_C_LANGUAGE_STANDARD = gnu99;
				GCC_NO_COMMON_BLOCKS = YES;
				GCC_WARN_64_TO_32_BIT_CONVERSION = YES;
				GCC_WARN_ABOUT_RETURN_TYPE = YES_ERROR;
				GCC_WARN_UNDECLARED_SELECTOR = YES;
				GCC_WARN_UNINITIALIZED_AUTOS = YES_AGGRESSIVE;
				GCC_WARN_UNUSED_FUNCTION = YES;
				GCC_WARN_UNUSED_VARIABLE = YES;
				IPHONEOS_DEPLOYMENT_TARGET = 9.3;
				MTL_ENABLE_DEBUG_INFO = NO;
				SDKROOT = iphoneos;
				TARGETED_DEVICE_FAMILY = "1,2";
				VALIDATE_PRODUCT = YES;
			};
			name = Release;
		};
		AD867D041D51EFE600284943 /* Debug */ = {
			isa = XCBuildConfiguration;
			buildSettings = {
				ASSETCATALOG_COMPILER_APPICON_NAME = AppIcon;
				INFOPLIST_FILE = DYLYNetworkKit/Info.plist;
				LD_RUNPATH_SEARCH_PATHS = "$(inherited) @executable_path/Frameworks";
				PRODUCT_BUNDLE_IDENTIFIER = com.maxer.DYLYNetworkKit;
				PRODUCT_NAME = "$(TARGET_NAME)";
			};
			name = Debug;
		};
		AD867D051D51EFE600284943 /* Release */ = {
			isa = XCBuildConfiguration;
			buildSettings = {
				ASSETCATALOG_COMPILER_APPICON_NAME = AppIcon;
				INFOPLIST_FILE = DYLYNetworkKit/Info.plist;
				LD_RUNPATH_SEARCH_PATHS = "$(inherited) @executable_path/Frameworks";
				PRODUCT_BUNDLE_IDENTIFIER = com.maxer.DYLYNetworkKit;
				PRODUCT_NAME = "$(TARGET_NAME)";
			};
			name = Release;
		};
		AD867D071D51EFE600284943 /* Debug */ = {
			isa = XCBuildConfiguration;
			buildSettings = {
				BUNDLE_LOADER = "$(TEST_HOST)";
				INFOPLIST_FILE = DYLYNetworkKitTests/Info.plist;
				LD_RUNPATH_SEARCH_PATHS = "$(inherited) @executable_path/Frameworks @loader_path/Frameworks";
				PRODUCT_BUNDLE_IDENTIFIER = com.maxer.DYLYNetworkKitTests;
				PRODUCT_NAME = "$(TARGET_NAME)";
				TEST_HOST = "$(BUILT_PRODUCTS_DIR)/DYLYNetworkKit.app/DYLYNetworkKit";
			};
			name = Debug;
		};
		AD867D081D51EFE600284943 /* Release */ = {
			isa = XCBuildConfiguration;
			buildSettings = {
				BUNDLE_LOADER = "$(TEST_HOST)";
				INFOPLIST_FILE = DYLYNetworkKitTests/Info.plist;
				LD_RUNPATH_SEARCH_PATHS = "$(inherited) @executable_path/Frameworks @loader_path/Frameworks";
				PRODUCT_BUNDLE_IDENTIFIER = com.maxer.DYLYNetworkKitTests;
				PRODUCT_NAME = "$(TARGET_NAME)";
				TEST_HOST = "$(BUILT_PRODUCTS_DIR)/DYLYNetworkKit.app/DYLYNetworkKit";
			};
			name = Release;
		};
		AD867D0A1D51EFE600284943 /* Debug */ = {
			isa = XCBuildConfiguration;
			buildSettings = {
				INFOPLIST_FILE = DYLYNetworkKitUITests/Info.plist;
				LD_RUNPATH_SEARCH_PATHS = "$(inherited) @executable_path/Frameworks @loader_path/Frameworks";
				PRODUCT_BUNDLE_IDENTIFIER = com.maxer.DYLYNetworkKitUITests;
				PRODUCT_NAME = "$(TARGET_NAME)";
				TEST_TARGET_NAME = DYLYNetworkKit;
			};
			name = Debug;
		};
		AD867D0B1D51EFE600284943 /* Release */ = {
			isa = XCBuildConfiguration;
			buildSettings = {
				INFOPLIST_FILE = DYLYNetworkKitUITests/Info.plist;
				LD_RUNPATH_SEARCH_PATHS = "$(inherited) @executable_path/Frameworks @loader_path/Frameworks";
				PRODUCT_BUNDLE_IDENTIFIER = com.maxer.DYLYNetworkKitUITests;
				PRODUCT_NAME = "$(TARGET_NAME)";
				TEST_TARGET_NAME = DYLYNetworkKit;
			};
			name = Release;
		};
/* End XCBuildConfiguration section */

/* Begin XCConfigurationList section */
		AD867CD11D51EFE600284943 /* Build configuration list for PBXProject "DYLYNetworkKit" */ = {
			isa = XCConfigurationList;
			buildConfigurations = (
				AD867D011D51EFE600284943 /* Debug */,
				AD867D021D51EFE600284943 /* Release */,
			);
			defaultConfigurationIsVisible = 0;
			defaultConfigurationName = Release;
		};
		AD867D031D51EFE600284943 /* Build configuration list for PBXNativeTarget "DYLYNetworkKit" */ = {
			isa = XCConfigurationList;
			buildConfigurations = (
				AD867D041D51EFE600284943 /* Debug */,
				AD867D051D51EFE600284943 /* Release */,
			);
			defaultConfigurationIsVisible = 0;
		};
		AD867D061D51EFE600284943 /* Build configuration list for PBXNativeTarget "DYLYNetworkKitTests" */ = {
			isa = XCConfigurationList;
			buildConfigurations = (
				AD867D071D51EFE600284943 /* Debug */,
				AD867D081D51EFE600284943 /* Release */,
			);
			defaultConfigurationIsVisible = 0;
		};
		AD867D091D51EFE600284943 /* Build configuration list for PBXNativeTarget "DYLYNetworkKitUITests" */ = {
			isa = XCConfigurationList;
			buildConfigurations = (
				AD867D0A1D51EFE600284943 /* Debug */,
				AD867D0B1D51EFE600284943 /* Release */,
			);
			defaultConfigurationIsVisible = 0;
		};
/* End XCConfigurationList section */
	};
	rootObject = AD867CCE1D51EFE600284943 /* Project object */;
}
